
Microsoft Visual Studio Solution File, Format Version 12.00
Project("{FAE04EC0-301F-11D3-BF4B-00C04F79EFBC}") = "Lab1", "Lab1\Lab1.csproj", "{CAB21A3B-1F5A-4C95-9BBC-50D21766D558}"
EndProject
Global
	GlobalSection(SolutionConfigurationPlatforms) = preSolution
		Debug|Any CPU = Debug|Any CPU
		Release|Any CPU = Release|Any CPU
	EndGlobalSection
	GlobalSection(ProjectConfigurationPlatforms) = postSolution
		{CAB21A3B-1F5A-4C95-9BBC-50D21766D558}.Debug|Any CPU.ActiveCfg = Debug|Any CPU
		{CAB21A3B-1F5A-4C95-9BBC-50D21766D558}.Debug|Any CPU.Build.0 = Debug|Any CPU
		{CAB21A3B-1F5A-4C95-9BBC-50D21766D558}.Release|Any CPU.ActiveCfg = Release|Any CPU
		{CAB21A3B-1F5A-4C95-9BBC-50D21766D558}.Release|Any CPU.Build.0 = Release|Any CPU
	EndGlobalSection
EndGlobal
